// !$*UTF8*$!
{
	archiveVersion = 1;
	classes = {
	};
	objectVersion = 50;
	objects = {

/* Begin PBXBuildFile section */
		D010532521EF0C3100CF4D01 /* CardButton.swift in Sources */ = {isa = PBXBuildFile; fileRef = D010532421EF0C3100CF4D01 /* CardButton.swift */; };
		D010532721F0554200CF4D01 /* Grid.swift in Sources */ = {isa = PBXBuildFile; fileRef = D010532621F0554200CF4D01 /* Grid.swift */; };
		D0B2BD5A21EE1B98000B0405 /* AppDelegate.swift in Sources */ = {isa = PBXBuildFile; fileRef = D0B2BD5921EE1B98000B0405 /* AppDelegate.swift */; };
		D0B2BD5C21EE1B98000B0405 /* ViewController.swift in Sources */ = {isa = PBXBuildFile; fileRef = D0B2BD5B21EE1B98000B0405 /* ViewController.swift */; };
		D0B2BD5F21EE1B98000B0405 /* Main.storyboard in Resources */ = {isa = PBXBuildFile; fileRef = D0B2BD5D21EE1B98000B0405 /* Main.storyboard */; };
		D0B2BD6121EE1B99000B0405 /* Assets.xcassets in Resources */ = {isa = PBXBuildFile; fileRef = D0B2BD6021EE1B99000B0405 /* Assets.xcassets */; };
		D0B2BD6421EE1B99000B0405 /* LaunchScreen.storyboard in Resources */ = {isa = PBXBuildFile; fileRef = D0B2BD6221EE1B99000B0405 /* LaunchScreen.storyboard */; };
		D0B2BD6C21EE1BD1000B0405 /* Card.swift in Sources */ = {isa = PBXBuildFile; fileRef = D0B2BD6B21EE1BD1000B0405 /* Card.swift */; };
		D0B2BD6E21EE1BF4000B0405 /* SetGame.swift in Sources */ = {isa = PBXBuildFile; fileRef = D0B2BD6D21EE1BF4000B0405 /* SetGame.swift */; };
		D0B2BD7021EE22F2000B0405 /* CardsContainerView.swift in Sources */ = {isa = PBXBuildFile; fileRef = D0B2BD6F21EE22F2000B0405 /* CardsContainerView.swift */; };
/* End PBXBuildFile section */

/* Begin PBXFileReference section */
		D010532421EF0C3100CF4D01 /* CardButton.swift */ = {isa = PBXFileReference; lastKnownFileType = sourcecode.swift; path = CardButton.swift; sourceTree = "<group>"; };
		D010532621F0554200CF4D01 /* Grid.swift */ = {isa = PBXFileReference; lastKnownFileType = sourcecode.swift; path = Grid.swift; sourceTree = "<group>"; };
		D0B2BD5621EE1B98000B0405 /* GraphicalSet.app */ = {isa = PBXFileReference; explicitFileType = wrapper.application; includeInIndex = 0; path = GraphicalSet.app; sourceTree = BUILT_PRODUCTS_DIR; };
		D0B2BD5921EE1B98000B0405 /* AppDelegate.swift */ = {isa = PBXFileReference; lastKnownFileType = sourcecode.swift; path = AppDelegate.swift; sourceTree = "<group>"; };
		D0B2BD5B21EE1B98000B0405 /* ViewController.swift */ = {isa = PBXFileReference; lastKnownFileType = sourcecode.swift; path = ViewController.swift; sourceTree = "<group>"; };
		D0B2BD5E21EE1B98000B0405 /* Base */ = {isa = PBXFileReference; lastKnownFileType = file.storyboard; name = Base; path = Base.lproj/Main.storyboard; sourceTree = "<group>"; };
		D0B2BD6021EE1B99000B0405 /* Assets.xcassets */ = {isa = PBXFileReference; lastKnownFileType = folder.assetcatalog; path = Assets.xcassets; sourceTree = "<group>"; };
		D0B2BD6321EE1B99000B0405 /* Base */ = {isa = PBXFileReference; lastKnownFileType = file.storyboard; name = Base; path = Base.lproj/LaunchScreen.storyboard; sourceTree = "<group>"; };
		D0B2BD6521EE1B99000B0405 /* Info.plist */ = {isa = PBXFileReference; lastKnownFileType = text.plist.xml; path = Info.plist; sourceTree = "<group>"; };
		D0B2BD6B21EE1BD1000B0405 /* Card.swift */ = {isa = PBXFileReference; lastKnownFileType = sourcecode.swift; path = Card.swift; sourceTree = "<group>"; };
		D0B2BD6D21EE1BF4000B0405 /* SetGame.swift */ = {isa = PBXFileReference; lastKnownFileType = sourcecode.swift; path = SetGame.swift; sourceTree = "<group>"; };
		D0B2BD6F21EE22F2000B0405 /* CardsContainerView.swift */ = {isa = PBXFileReference; lastKnownFileType = sourcecode.swift; path = CardsContainerView.swift; sourceTree = "<group>"; };
/* End PBXFileReference section */

/* Begin PBXFrameworksBuildPhase section */
		D0B2BD5321EE1B98000B0405 /* Frameworks */ = {
			isa = PBXFrameworksBuildPhase;
			buildActionMask = 2147483647;
			files = (
			);
			runOnlyForDeploymentPostprocessing = 0;
		};
/* End PBXFrameworksBuildPhase section */

/* Begin PBXGroup section */
		D09F12E9224D013A00D4B056 /* Model */ = {
			isa = PBXGroup;
			children = (
				D0B2BD6B21EE1BD1000B0405 /* Card.swift */,
				D0B2BD6D21EE1BF4000B0405 /* SetGame.swift */,
			);
			path = Model;
			sourceTree = "<group>";
		};
		D09F12EA224D014F00D4B056 /* Controller */ = {
			isa = PBXGroup;
			children = (
				D0B2BD5B21EE1B98000B0405 /* ViewController.swift */,
				D0B2BD6F21EE22F2000B0405 /* CardsContainerView.swift */,
			);
			path = Controller;
			sourceTree = "<group>";
		};
		D0B2BD4D21EE1B98000B0405 = {
			isa = PBXGroup;
			children = (
				D0B2BD5821EE1B98000B0405 /* GraphicalSet */,
				D0B2BD5721EE1B98000B0405 /* Products */,
			);
			sourceTree = "<group>";
		};
		D0B2BD5721EE1B98000B0405 /* Products */ = {
			isa = PBXGroup;
			children = (
				D0B2BD5621EE1B98000B0405 /* GraphicalSet.app */,
			);
			name = Products;
			sourceTree = "<group>";
		};
		D0B2BD5821EE1B98000B0405 /* GraphicalSet */ = {
			isa = PBXGroup;
			children = (
				D09F12EA224D014F00D4B056 /* Controller */,
				D09F12E9224D013A00D4B056 /* Model */,
				D0B2BD7321EE279E000B0405 /* Views */,
				D0B2BD5921EE1B98000B0405 /* AppDelegate.swift */,
				D0B2BD6021EE1B99000B0405 /* Assets.xcassets */,
				D0B2BD6221EE1B99000B0405 /* LaunchScreen.storyboard */,
				D0B2BD6521EE1B99000B0405 /* Info.plist */,
			);
			path = GraphicalSet;
			sourceTree = "<group>";
		};
		D0B2BD7321EE279E000B0405 /* Views */ = {
			isa = PBXGroup;
			children = (
				D0B2BD5D21EE1B98000B0405 /* Main.storyboard */,
				D010532421EF0C3100CF4D01 /* CardButton.swift */,
				D010532621F0554200CF4D01 /* Grid.swift */,
			);
			path = Views;
			sourceTree = "<group>";
		};
/* End PBXGroup section */

/* Begin PBXNativeTarget section */
		D0B2BD5521EE1B98000B0405 /* GraphicalSet */ = {
			isa = PBXNativeTarget;
			buildConfigurationList = D0B2BD6821EE1B99000B0405 /* Build configuration list for PBXNativeTarget "GraphicalSet" */;
			buildPhases = (
				D0B2BD5221EE1B98000B0405 /* Sources */,
				D0B2BD5321EE1B98000B0405 /* Frameworks */,
				D0B2BD5421EE1B98000B0405 /* Resources */,
			);
			buildRules = (
			);
			dependencies = (
			);
			name = GraphicalSet;
			productName = GraphicalSet;
			productReference = D0B2BD5621EE1B98000B0405 /* GraphicalSet.app */;
			productType = "com.apple.product-type.application";
		};
/* End PBXNativeTarget section */

/* Begin PBXProject section */
		D0B2BD4E21EE1B98000B0405 /* Project object */ = {
			isa = PBXProject;
			attributes = {
				LastSwiftUpdateCheck = 1010;
				LastUpgradeCheck = 1010;
				ORGANIZATIONNAME = Excellence;
				TargetAttributes = {
					D0B2BD5521EE1B98000B0405 = {
						CreatedOnToolsVersion = 10.1;
					};
				};
			};
			buildConfigurationList = D0B2BD5121EE1B98000B0405 /* Build configuration list for PBXProject "GraphicalSet" */;
			compatibilityVersion = "Xcode 9.3";
			developmentRegion = en;
			hasScannedForEncodings = 0;
			knownRegions = (
				en,
				Base,
			);
			mainGroup = D0B2BD4D21EE1B98000B0405;
			productRefGroup = D0B2BD5721EE1B98000B0405 /* Products */;
			projectDirPath = "";
			projectRoot = "";
			targets = (
				D0B2BD5521EE1B98000B0405 /* GraphicalSet */,
			);
		};
/* End PBXProject section */

/* Begin PBXResourcesBuildPhase section */
		D0B2BD5421EE1B98000B0405 /* Resources */ = {
			isa = PBXResourcesBuildPhase;
			buildActionMask = 2147483647;
			files = (
				D0B2BD6421EE1B99000B0405 /* LaunchScreen.storyboard in Resources */,
				D0B2BD6121EE1B99000B0405 /* Assets.xcassets in Resources */,
				D0B2BD5F21EE1B98000B0405 /* Main.storyboard in Resources */,
			);
			runOnlyForDeploymentPostprocessing = 0;
		};
/* End PBXResourcesBuildPhase section */

/* Begin PBXSourcesBuildPhase section */
		D0B2BD5221EE1B98000B0405 /* Sources */ = {
			isa = PBXSourcesBuildPhase;
			buildActionMask = 2147483647;
			files = (
				D0B2BD7021EE22F2000B0405 /* CardsContainerView.swift in Sources */,
				D010532521EF0C3100CF4D01 /* CardButton.swift in Sources */,
				D0B2BD5C21EE1B98000B0405 /* ViewController.swift in Sources */,
				D0B2BD6C21EE1BD1000B0405 /* Card.swift in Sources */,
				D0B2BD6E21EE1BF4000B0405 /* SetGame.swift in Sources */,
				D010532721F0554200CF4D01 /* Grid.swift in Sources */,
				D0B2BD5A21EE1B98000B0405 /* AppDelegate.swift in Sources */,
			);
			runOnlyForDeploymentPostprocessing = 0;
		};
/* End PBXSourcesBuildPhase section */

/* Begin PBXVariantGroup section */
		D0B2BD5D21EE1B98000B0405 /* Main.storyboard */ = {
			isa = PBXVariantGroup;
			children = (
				D0B2BD5E21EE1B98000B0405 /* Base */,
			);
			name = Main.storyboard;
			sourceTree = "<group>";
		};
		D0B2BD6221EE1B99000B0405 /* LaunchScreen.storyboard */ = {
			isa = PBXVariantGroup;
			children = (
				D0B2BD6321EE1B99000B0405 /* Base */,
			);
			name = LaunchScreen.storyboard;
			sourceTree = "<group>";
		};
/* End PBXVariantGroup section */

/* Begin XCBuildConfiguration section */
		D0B2BD6621EE1B99000B0405 /* Debug */ = {
			isa = XCBuildConfiguration;
			buildSettings = {
				ALWAYS_SEARCH_USER_PATHS = NO;
				CLANG_ANALYZER_NONNULL = YES;
				CLANG_ANALYZER_NUMBER_OBJECT_CONVERSION = YES_AGGRESSIVE;
				CLANG_CXX_LANGUAGE_STANDARD = "gnu++14";
				CLANG_CXX_LIBRARY = "libc++";
				CLANG_ENABLE_MODULES = YES;
				CLANG_ENABLE_OBJC_ARC = YES;
				CLANG_ENABLE_OBJC_WEAK = YES;
				CLANG_WARN_BLOCK_CAPTURE_AUTORELEASING = YES;
				CLANG_WARN_BOOL_CONVERSION = YES;
				CLANG_WARN_COMMA = YES;
				CLANG_WARN_CONSTANT_CONVERSION = YES;
				CLANG_WARN_DEPRECATED_OBJC_IMPLEMENTATIONS = YES;
				CLANG_WARN_DIRECT_OBJC_ISA_USAGE = YES_ERROR;
				CLANG_WARN_DOCUMENTATION_COMMENTS = YES;
				CLANG_WARN_EMPTY_BODY = YES;
				CLANG_WARN_ENUM_CONVERSION = YES;
				CLANG_WARN_INFINITE_RECURSION = YES;
				CLANG_WARN_INT_CONVERSION = YES;
				CLANG_WARN_NON_LITERAL_NULL_CONVERSION = YES;
				CLANG_WARN_OBJC_IMPLICIT_RETAIN_SELF = YES;
				CLANG_WARN_OBJC_LITERAL_CONVERSION = YES;
				CLANG_WARN_OBJC_ROOT_CLASS = YES_ERROR;
				CLANG_WARN_RANGE_LOOP_ANALYSIS = YES;
				CLANG_WARN_STRICT_PROTOTYPES = YES;
				CLANG_WARN_SUSPICIOUS_MOVE = YES;
				CLANG_WARN_UNGUARDED_AVAILABILITY = YES_AGGRESSIVE;
				CLANG_WARN_UNREACHABLE_CODE = YES;
				CLANG_WARN__DUPLICATE_METHOD_MATCH = YES;
				CODE_SIGN_IDENTITY = "iPhone Developer";
				COPY_PHASE_STRIP = NO;
				DEBUG_INFORMATION_FORMAT = dwarf;
				ENABLE_STRICT_OBJC_MSGSEND = YES;
				ENABLE_TESTABILITY = YES;
				GCC_C_LANGUAGE_STANDARD = gnu11;
				GCC_DYNAMIC_NO_PIC = NO;
				GCC_NO_COMMON_BLOCKS = YES;
				GCC_OPTIMIZATION_LEVEL = 0;
				GCC_PREPROCESSOR_DEFINITIONS = (
					"DEBUG=1",
					"$(inherited)",
				);
				GCC_WARN_64_TO_32_BIT_CONVERSION = YES;
				GCC_WARN_ABOUT_RETURN_TYPE = YES_ERROR;
				GCC_WARN_UNDECLARED_SELECTOR = YES;
				GCC_WARN_UNINITIALIZED_AUTOS = YES_AGGRESSIVE;
				GCC_WARN_UNUSED_FUNCTION = YES;
				GCC_WARN_UNUSED_VARIABLE = YES;
				IPHONEOS_DEPLOYMENT_TARGET = 12.1;
				MTL_ENABLE_DEBUG_INFO = INCLUDE_SOURCE;
				MTL_FAST_MATH = YES;
				ONLY_ACTIVE_ARCH = YES;
				SDKROOT = iphoneos;
				SWIFT_ACTIVE_COMPILATION_CONDITIONS = DEBUG;
				SWIFT_OPTIMIZATION_LEVEL = "-Onone";
			};
			name = Debug;
		};
		D0B2BD6721EE1B99000B0405 /* Release */ = {
			isa = XCBuildConfiguration;
			buildSettings = {
				ALWAYS_SEARCH_USER_PATHS = NO;
				CLANG_ANALYZER_NONNULL = YES;
				CLANG_ANALYZER_NUMBER_OBJECT_CONVERSION = YES_AGGRESSIVE;
				CLANG_CXX_LANGUAGE_STANDARD = "gnu++14";
				CLANG_CXX_LIBRARY = "libc++";
				CLANG_ENABLE_MODULES = YES;
				CLANG_ENABLE_OBJC_ARC = YES;
				CLANG_ENABLE_OBJC_WEAK = YES;
				CLANG_WARN_BLOCK_CAPTURE_AUTORELEASING = YES;
				CLANG_WARN_BOOL_CONVERSION = YES;
				CLANG_WARN_COMMA = YES;
				CLANG_WARN_CONSTANT_CONVERSION = YES;
				CLANG_WARN_DEPRECATED_OBJC_IMPLEMENTATIONS = YES;
				CLANG_WARN_DIRECT_OBJC_ISA_USAGE = YES_ERROR;
				CLANG_WARN_DOCUMENTATION_COMMENTS = YES;
				CLANG_WARN_EMPTY_BODY = YES;
				CLANG_WARN_ENUM_CONVERSION = YES;
				CLANG_WARN_INFINITE_RECURSION = YES;
				CLANG_WARN_INT_CONVERSION = YES;
				CLANG_WARN_NON_LITERAL_NULL_CONVERSION = YES;
				CLANG_WARN_OBJC_IMPLICIT_RETAIN_SELF = YES;
				CLANG_WARN_OBJC_LITERAL_CONVERSION = YES;
				CLANG_WARN_OBJC_ROOT_CLASS = YES_ERROR;
				CLANG_WARN_RANGE_LOOP_ANALYSIS = YES;
				CLANG_WARN_STRICT_PROTOTYPES = YES;
				CLANG_WARN_SUSPICIOUS_MOVE = YES;
				CLANG_WARN_UNGUARDED_AVAILABILITY = YES_AGGRESSIVE;
				CLANG_WARN_UNREACHABLE_CODE = YES;
				CLANG_WARN__DUPLICATE_METHOD_MATCH = YES;
				CODE_SIGN_IDENTITY = "iPhone Developer";
				COPY_PHASE_STRIP = NO;
				DEBUG_INFORMATION_FORMAT = "dwarf-with-dsym";
				ENABLE_NS_ASSERTIONS = NO;
				ENABLE_STRICT_OBJC_MSGSEND = YES;
				GCC_C_LANGUAGE_STANDARD = gnu11;
				GCC_NO_COMMON_BLOCKS = YES;
				GCC_WARN_64_TO_32_BIT_CONVERSION = YES;
				GCC_WARN_ABOUT_RETURN_TYPE = YES_ERROR;
				GCC_WARN_UNDECLARED_SELECTOR = YES;
				GCC_WARN_UNINITIALIZED_AUTOS = YES_AGGRESSIVE;
				GCC_WARN_UNUSED_FUNCTION = YES;
				GCC_WARN_UNUSED_VARIABLE = YES;
				IPHONEOS_DEPLOYMENT_TARGET = 12.1;
				MTL_ENABLE_DEBUG_INFO = NO;
				MTL_FAST_MATH = YES;
				SDKROOT = iphoneos;
				SWIFT_COMPILATION_MODE = wholemodule;
				SWIFT_OPTIMIZATION_LEVEL = "-O";
				VALIDATE_PRODUCT = YES;
			};
			name = Release;
		};
		D0B2BD6921EE1B99000B0405 /* Debug */ = {
			isa = XCBuildConfiguration;
			buildSettings = {
				ASSETCATALOG_COMPILER_APPICON_NAME = AppIcon;
				CODE_SIGN_STYLE = Automatic;
				DEVELOPMENT_TEAM = 3LP6667S74;
				INFOPLIST_FILE = GraphicalSet/Info.plist;
				LD_RUNPATH_SEARCH_PATHS = (
					"$(inherited)",
					"@executable_path/Frameworks",
				);
				PRODUCT_BUNDLE_IDENTIFIER = Excellence.GraphicalSet;
				PRODUCT_NAME = "$(TARGET_NAME)";
				SWIFT_VERSION = 4.2;
				TARGETED_DEVICE_FAMILY = "1,2";
			};
			name = Debug;
		};
		D0B2BD6A21EE1B99000B0405 /* Release */ = {
			isa = XCBuildConfiguration;
			buildSettings = {
				ASSETCATALOG_COMPILER_APPICON_NAME = AppIcon;
				CODE_SIGN_STYLE = Automatic;
				DEVELOPMENT_TEAM = 3LP6667S74;
				INFOPLIST_FILE = GraphicalSet/Info.plist;
				LD_RUNPATH_SEARCH_PATHS = (
					"$(inherited)",
					"@executable_path/Frameworks",
				);
				PRODUCT_BUNDLE_IDENTIFIER = Excellence.GraphicalSet;
				PRODUCT_NAME = "$(TARGET_NAME)";
				SWIFT_VERSION = 4.2;
				TARGETED_DEVICE_FAMILY = "1,2";
			};
			name = Release;
		};
/* End XCBuildConfiguration section */

/* Begin XCConfigurationList section */
		D0B2BD5121EE1B98000B0405 /* Build configuration list for PBXProject "GraphicalSet" */ = {
			isa = XCConfigurationList;
			buildConfigurations = (
				D0B2BD6621EE1B99000B0405 /* Debug */,
				D0B2BD6721EE1B99000B0405 /* Release */,
			);
			defaultConfigurationIsVisible = 0;
			defaultConfigurationName = Release;
		};
		D0B2BD6821EE1B99000B0405 /* Build configuration list for PBXNativeTarget "GraphicalSet" */ = {
			isa = XCConfigurationList;
			buildConfigurations = (
				D0B2BD6921EE1B99000B0405 /* Debug */,
				D0B2BD6A21EE1B99000B0405 /* Release */,
			);
			defaultConfigurationIsVisible = 0;
			defaultConfigurationName = Release;
		};
/* End XCConfigurationList section */
	};
	rootObject = D0B2BD4E21EE1B98000B0405 /* Project object */;
}
